
Microsoft Visual Studio Solution File, Format Version 12.00
# Visual Studio Version 17
VisualStudioVersion = 17.10.34916.146
MinimumVisualStudioVersion = 10.0.40219.1
Project("{FAE04EC0-301F-11D3-BF4B-00C04F79EFBC}") = "CapaPresentación", "CapaPresentación\CapaPresentación.csproj", "{B1B005F4-4DA2-4C32-AF2B-65D391E1F8CE}"
EndProject
Global
	GlobalSection(SolutionConfigurationPlatforms) = preSolution
		Debug|Any CPU = Debug|Any CPU
		Release|Any CPU = Release|Any CPU
	EndGlobalSection
	GlobalSection(ProjectConfigurationPlatforms) = postSolution
		{B1B005F4-4DA2-4C32-AF2B-65D391E1F8CE}.Debug|Any CPU.ActiveCfg = Debug|Any CPU
		{B1B005F4-4DA2-4C32-AF2B-65D391E1F8CE}.Debug|Any CPU.Build.0 = Debug|Any CPU
		{B1B005F4-4DA2-4C32-AF2B-65D391E1F8CE}.Release|Any CPU.ActiveCfg = Release|Any CPU
		{B1B005F4-4DA2-4C32-AF2B-65D391E1F8CE}.Release|Any CPU.Build.0 = Release|Any CPU
	EndGlobalSection
	GlobalSection(SolutionProperties) = preSolution
		HideSolutionNode = FALSE
	EndGlobalSection
	GlobalSection(ExtensibilityGlobals) = postSolution
		SolutionGuid = {47974904-1EEB-4F01-9DB2-56F4F3D80B71}
	EndGlobalSection
EndGlobal
